// !$*UTF8*$!
{
	archiveVersion = 1;
	classes = {
	};
	objectVersion = 55;
	objects = {

/* Begin PBXBuildFile section */
		2A09FCBB281FD5F7009E4F53 /* SwiftUI_PracticeApp.swift in Sources */ = {isa = PBXBuildFile; fileRef = 2A09FCBA281FD5F7009E4F53 /* SwiftUI_PracticeApp.swift */; };
		2A09FCBD281FD5F7009E4F53 /* ContentView.swift in Sources */ = {isa = PBXBuildFile; fileRef = 2A09FCBC281FD5F7009E4F53 /* ContentView.swift */; };
		2A09FCBF281FD5F9009E4F53 /* Assets.xcassets in Resources */ = {isa = PBXBuildFile; fileRef = 2A09FCBE281FD5F9009E4F53 /* Assets.xcassets */; };
		2A09FCC2281FD5F9009E4F53 /* Preview Assets.xcassets in Resources */ = {isa = PBXBuildFile; fileRef = 2A09FCC1281FD5F9009E4F53 /* Preview Assets.xcassets */; };
		2A09FCCC281FD5F9009E4F53 /* SwiftUI_PracticeTests.swift in Sources */ = {isa = PBXBuildFile; fileRef = 2A09FCCB281FD5F9009E4F53 /* SwiftUI_PracticeTests.swift */; };
		2A09FCD6281FD5F9009E4F53 /* SwiftUI_PracticeUITests.swift in Sources */ = {isa = PBXBuildFile; fileRef = 2A09FCD5281FD5F9009E4F53 /* SwiftUI_PracticeUITests.swift */; };
		2A09FCD8281FD5F9009E4F53 /* SwiftUI_PracticeUITestsLaunchTests.swift in Sources */ = {isa = PBXBuildFile; fileRef = 2A09FCD7281FD5F9009E4F53 /* SwiftUI_PracticeUITestsLaunchTests.swift */; };
		2A09FCE52820B018009E4F53 /* CircleImage.swift in Sources */ = {isa = PBXBuildFile; fileRef = 2A09FCE42820B018009E4F53 /* CircleImage.swift */; };
		2A09FCE72820B24B009E4F53 /* MapView.swift in Sources */ = {isa = PBXBuildFile; fileRef = 2A09FCE62820B24B009E4F53 /* MapView.swift */; };
		2A09FCE92820D164009E4F53 /* landmarkData.json in Resources */ = {isa = PBXBuildFile; fileRef = 2A09FCE82820D164009E4F53 /* landmarkData.json */; };
		2A09FCEB2820D181009E4F53 /* Landmark.swift in Sources */ = {isa = PBXBuildFile; fileRef = 2A09FCEA2820D181009E4F53 /* Landmark.swift */; };
		2A09FCED2820D204009E4F53 /* ModelData.swift in Sources */ = {isa = PBXBuildFile; fileRef = 2A09FCEC2820D204009E4F53 /* ModelData.swift */; };
		2A09FCF22823E546009E4F53 /* LandmarkRow.swift in Sources */ = {isa = PBXBuildFile; fileRef = 2A09FCF12823E546009E4F53 /* LandmarkRow.swift */; };
		2A09FCF42823EAEE009E4F53 /* LandmarkList.swift in Sources */ = {isa = PBXBuildFile; fileRef = 2A09FCF32823EAEE009E4F53 /* LandmarkList.swift */; };
		2A09FCF62823EF5A009E4F53 /* LandmarkDetail.swift in Sources */ = {isa = PBXBuildFile; fileRef = 2A09FCF52823EF5A009E4F53 /* LandmarkDetail.swift */; };
		2A09FCF828266C0D009E4F53 /* FavoriteButton.swift in Sources */ = {isa = PBXBuildFile; fileRef = 2A09FCF728266C0D009E4F53 /* FavoriteButton.swift */; };
		2A4B456A28294EEA00CB2963 /* HexagonParameters.swift in Sources */ = {isa = PBXBuildFile; fileRef = 2A4B456928294EEA00CB2963 /* HexagonParameters.swift */; };
		2A4B456C2829537C00CB2963 /* BadgeBackground.swift in Sources */ = {isa = PBXBuildFile; fileRef = 2A4B456B2829537C00CB2963 /* BadgeBackground.swift */; };
		2ACA877C282A7170002DB8BC /* BadgeSymbol.swift in Sources */ = {isa = PBXBuildFile; fileRef = 2ACA877B282A7170002DB8BC /* BadgeSymbol.swift */; };
		2ACA877E282A73AE002DB8BC /* RotatedBadgeSymbol.swift in Sources */ = {isa = PBXBuildFile; fileRef = 2ACA877D282A73AE002DB8BC /* RotatedBadgeSymbol.swift */; };
		2ACA8780282A7446002DB8BC /* Badge.swift in Sources */ = {isa = PBXBuildFile; fileRef = 2ACA877F282A7446002DB8BC /* Badge.swift */; };
		2ACA8783282BB068002DB8BC /* hikeData.json in Resources */ = {isa = PBXBuildFile; fileRef = 2ACA8782282BB068002DB8BC /* hikeData.json */; };
		2ACA8785282BB0CC002DB8BC /* Hike.swift in Sources */ = {isa = PBXBuildFile; fileRef = 2ACA8784282BB0CC002DB8BC /* Hike.swift */; };
		2ACA878B282BB230002DB8BC /* GraphCapsule.swift in Sources */ = {isa = PBXBuildFile; fileRef = 2ACA8787282BB230002DB8BC /* GraphCapsule.swift */; };
		2ACA878C282BB230002DB8BC /* HikeGraph.swift in Sources */ = {isa = PBXBuildFile; fileRef = 2ACA8788282BB230002DB8BC /* HikeGraph.swift */; };
		2ACA878D282BB230002DB8BC /* HikeDetail.swift in Sources */ = {isa = PBXBuildFile; fileRef = 2ACA8789282BB230002DB8BC /* HikeDetail.swift */; };
		2ACA878E282BB230002DB8BC /* HikeView.swift in Sources */ = {isa = PBXBuildFile; fileRef = 2ACA878A282BB230002DB8BC /* HikeView.swift */; };
/* End PBXBuildFile section */

/* Begin PBXContainerItemProxy section */
		2A09FCC8281FD5F9009E4F53 /* PBXContainerItemProxy */ = {
			isa = PBXContainerItemProxy;
			containerPortal = 2A09FCAF281FD5F7009E4F53 /* Project object */;
			proxyType = 1;
			remoteGlobalIDString = 2A09FCB6281FD5F7009E4F53;
			remoteInfo = "SwiftUI-Practice";
		};
		2A09FCD2281FD5F9009E4F53 /* PBXContainerItemProxy */ = {
			isa = PBXContainerItemProxy;
			containerPortal = 2A09FCAF281FD5F7009E4F53 /* Project object */;
			proxyType = 1;
			remoteGlobalIDString = 2A09FCB6281FD5F7009E4F53;
			remoteInfo = "SwiftUI-Practice";
		};
/* End PBXContainerItemProxy section */

/* Begin PBXFileReference section */
		2A09FCB7281FD5F7009E4F53 /* SwiftUI-Practice.app */ = {isa = PBXFileReference; explicitFileType = wrapper.application; includeInIndex = 0; path = "SwiftUI-Practice.app"; sourceTree = BUILT_PRODUCTS_DIR; };
		2A09FCBA281FD5F7009E4F53 /* SwiftUI_PracticeApp.swift */ = {isa = PBXFileReference; lastKnownFileType = sourcecode.swift; path = SwiftUI_PracticeApp.swift; sourceTree = "<group>"; };
		2A09FCBC281FD5F7009E4F53 /* ContentView.swift */ = {isa = PBXFileReference; lastKnownFileType = sourcecode.swift; path = ContentView.swift; sourceTree = "<group>"; };
		2A09FCBE281FD5F9009E4F53 /* Assets.xcassets */ = {isa = PBXFileReference; lastKnownFileType = folder.assetcatalog; path = Assets.xcassets; sourceTree = "<group>"; };
		2A09FCC1281FD5F9009E4F53 /* Preview Assets.xcassets */ = {isa = PBXFileReference; lastKnownFileType = folder.assetcatalog; path = "Preview Assets.xcassets"; sourceTree = "<group>"; };
		2A09FCC7281FD5F9009E4F53 /* SwiftUI-PracticeTests.xctest */ = {isa = PBXFileReference; explicitFileType = wrapper.cfbundle; includeInIndex = 0; path = "SwiftUI-PracticeTests.xctest"; sourceTree = BUILT_PRODUCTS_DIR; };
		2A09FCCB281FD5F9009E4F53 /* SwiftUI_PracticeTests.swift */ = {isa = PBXFileReference; lastKnownFileType = sourcecode.swift; path = SwiftUI_PracticeTests.swift; sourceTree = "<group>"; };
		2A09FCD1281FD5F9009E4F53 /* SwiftUI-PracticeUITests.xctest */ = {isa = PBXFileReference; explicitFileType = wrapper.cfbundle; includeInIndex = 0; path = "SwiftUI-PracticeUITests.xctest"; sourceTree = BUILT_PRODUCTS_DIR; };
		2A09FCD5281FD5F9009E4F53 /* SwiftUI_PracticeUITests.swift */ = {isa = PBXFileReference; lastKnownFileType = sourcecode.swift; path = SwiftUI_PracticeUITests.swift; sourceTree = "<group>"; };
		2A09FCD7281FD5F9009E4F53 /* SwiftUI_PracticeUITestsLaunchTests.swift */ = {isa = PBXFileReference; lastKnownFileType = sourcecode.swift; path = SwiftUI_PracticeUITestsLaunchTests.swift; sourceTree = "<group>"; };
		2A09FCE42820B018009E4F53 /* CircleImage.swift */ = {isa = PBXFileReference; lastKnownFileType = sourcecode.swift; path = CircleImage.swift; sourceTree = "<group>"; };
		2A09FCE62820B24B009E4F53 /* MapView.swift */ = {isa = PBXFileReference; lastKnownFileType = sourcecode.swift; path = MapView.swift; sourceTree = "<group>"; };
		2A09FCE82820D164009E4F53 /* landmarkData.json */ = {isa = PBXFileReference; fileEncoding = 4; lastKnownFileType = text.json; path = landmarkData.json; sourceTree = "<group>"; };
		2A09FCEA2820D181009E4F53 /* Landmark.swift */ = {isa = PBXFileReference; lastKnownFileType = sourcecode.swift; path = Landmark.swift; sourceTree = "<group>"; };
		2A09FCEC2820D204009E4F53 /* ModelData.swift */ = {isa = PBXFileReference; lastKnownFileType = sourcecode.swift; path = ModelData.swift; sourceTree = "<group>"; };
		2A09FCF12823E546009E4F53 /* LandmarkRow.swift */ = {isa = PBXFileReference; lastKnownFileType = sourcecode.swift; path = LandmarkRow.swift; sourceTree = "<group>"; };
		2A09FCF32823EAEE009E4F53 /* LandmarkList.swift */ = {isa = PBXFileReference; lastKnownFileType = sourcecode.swift; path = LandmarkList.swift; sourceTree = "<group>"; };
		2A09FCF52823EF5A009E4F53 /* LandmarkDetail.swift */ = {isa = PBXFileReference; lastKnownFileType = sourcecode.swift; path = LandmarkDetail.swift; sourceTree = "<group>"; };
		2A09FCF728266C0D009E4F53 /* FavoriteButton.swift */ = {isa = PBXFileReference; lastKnownFileType = sourcecode.swift; path = FavoriteButton.swift; sourceTree = "<group>"; };
		2A4B456928294EEA00CB2963 /* HexagonParameters.swift */ = {isa = PBXFileReference; lastKnownFileType = sourcecode.swift; path = HexagonParameters.swift; sourceTree = "<group>"; };
		2A4B456B2829537C00CB2963 /* BadgeBackground.swift */ = {isa = PBXFileReference; lastKnownFileType = sourcecode.swift; path = BadgeBackground.swift; sourceTree = "<group>"; };
		2ACA877B282A7170002DB8BC /* BadgeSymbol.swift */ = {isa = PBXFileReference; lastKnownFileType = sourcecode.swift; path = BadgeSymbol.swift; sourceTree = "<group>"; };
		2ACA877D282A73AE002DB8BC /* RotatedBadgeSymbol.swift */ = {isa = PBXFileReference; lastKnownFileType = sourcecode.swift; path = RotatedBadgeSymbol.swift; sourceTree = "<group>"; };
		2ACA877F282A7446002DB8BC /* Badge.swift */ = {isa = PBXFileReference; lastKnownFileType = sourcecode.swift; path = Badge.swift; sourceTree = "<group>"; };
		2ACA8782282BB068002DB8BC /* hikeData.json */ = {isa = PBXFileReference; fileEncoding = 4; lastKnownFileType = text.json; path = hikeData.json; sourceTree = "<group>"; };
		2ACA8784282BB0CC002DB8BC /* Hike.swift */ = {isa = PBXFileReference; lastKnownFileType = sourcecode.swift; path = Hike.swift; sourceTree = "<group>"; };
		2ACA8787282BB230002DB8BC /* GraphCapsule.swift */ = {isa = PBXFileReference; fileEncoding = 4; lastKnownFileType = sourcecode.swift; path = GraphCapsule.swift; sourceTree = "<group>"; };
		2ACA8788282BB230002DB8BC /* HikeGraph.swift */ = {isa = PBXFileReference; fileEncoding = 4; lastKnownFileType = sourcecode.swift; path = HikeGraph.swift; sourceTree = "<group>"; };
		2ACA8789282BB230002DB8BC /* HikeDetail.swift */ = {isa = PBXFileReference; fileEncoding = 4; lastKnownFileType = sourcecode.swift; path = HikeDetail.swift; sourceTree = "<group>"; };
		2ACA878A282BB230002DB8BC /* HikeView.swift */ = {isa = PBXFileReference; fileEncoding = 4; lastKnownFileType = sourcecode.swift; path = HikeView.swift; sourceTree = "<group>"; };
/* End PBXFileReference section */

/* Begin PBXFrameworksBuildPhase section */
		2A09FCB4281FD5F7009E4F53 /* Frameworks */ = {
			isa = PBXFrameworksBuildPhase;
			buildActionMask = 2147483647;
			files = (
			);
			runOnlyForDeploymentPostprocessing = 0;
		};
		2A09FCC4281FD5F9009E4F53 /* Frameworks */ = {
			isa = PBXFrameworksBuildPhase;
			buildActionMask = 2147483647;
			files = (
			);
			runOnlyForDeploymentPostprocessing = 0;
		};
		2A09FCCE281FD5F9009E4F53 /* Frameworks */ = {
			isa = PBXFrameworksBuildPhase;
			buildActionMask = 2147483647;
			files = (
			);
			runOnlyForDeploymentPostprocessing = 0;
		};
/* End PBXFrameworksBuildPhase section */

/* Begin PBXGroup section */
		2A09FCAE281FD5F7009E4F53 = {
			isa = PBXGroup;
			children = (
				2A09FCB9281FD5F7009E4F53 /* SwiftUI-Practice */,
				2A09FCCA281FD5F9009E4F53 /* SwiftUI-PracticeTests */,
				2A09FCD4281FD5F9009E4F53 /* SwiftUI-PracticeUITests */,
				2A09FCB8281FD5F7009E4F53 /* Products */,
			);
			sourceTree = "<group>";
		};
		2A09FCB8281FD5F7009E4F53 /* Products */ = {
			isa = PBXGroup;
			children = (
				2A09FCB7281FD5F7009E4F53 /* SwiftUI-Practice.app */,
				2A09FCC7281FD5F9009E4F53 /* SwiftUI-PracticeTests.xctest */,
				2A09FCD1281FD5F9009E4F53 /* SwiftUI-PracticeUITests.xctest */,
			);
			name = Products;
			sourceTree = "<group>";
		};
		2A09FCB9281FD5F7009E4F53 /* SwiftUI-Practice */ = {
			isa = PBXGroup;
			children = (
				2A09FCF02820D255009E4F53 /* Resources */,
				2A09FCEF2820D247009E4F53 /* Model */,
				2A09FCEE2820D22E009E4F53 /* Views */,
				2A09FCBA281FD5F7009E4F53 /* SwiftUI_PracticeApp.swift */,
				2A09FCBE281FD5F9009E4F53 /* Assets.xcassets */,
				2A09FCC0281FD5F9009E4F53 /* Preview Content */,
			);
			path = "SwiftUI-Practice";
			sourceTree = "<group>";
		};
		2A09FCC0281FD5F9009E4F53 /* Preview Content */ = {
			isa = PBXGroup;
			children = (
				2A09FCC1281FD5F9009E4F53 /* Preview Assets.xcassets */,
			);
			path = "Preview Content";
			sourceTree = "<group>";
		};
		2A09FCCA281FD5F9009E4F53 /* SwiftUI-PracticeTests */ = {
			isa = PBXGroup;
			children = (
				2A09FCCB281FD5F9009E4F53 /* SwiftUI_PracticeTests.swift */,
			);
			path = "SwiftUI-PracticeTests";
			sourceTree = "<group>";
		};
		2A09FCD4281FD5F9009E4F53 /* SwiftUI-PracticeUITests */ = {
			isa = PBXGroup;
			children = (
				2A09FCD5281FD5F9009E4F53 /* SwiftUI_PracticeUITests.swift */,
				2A09FCD7281FD5F9009E4F53 /* SwiftUI_PracticeUITestsLaunchTests.swift */,
			);
			path = "SwiftUI-PracticeUITests";
			sourceTree = "<group>";
		};
		2A09FCEE2820D22E009E4F53 /* Views */ = {
			isa = PBXGroup;
			children = (
				2A09FCBC281FD5F7009E4F53 /* ContentView.swift */,
				2ACA8786282BB230002DB8BC /* Hikes */,
				2ACA8781282A75DC002DB8BC /* Badges */,
				2A09FCFA28266CF7009E4F53 /* Helpers */,
				2A09FCF928266CE6009E4F53 /* Landmarks */,
			);
			path = Views;
			sourceTree = "<group>";
		};
		2A09FCEF2820D247009E4F53 /* Model */ = {
			isa = PBXGroup;
			children = (
				2A09FCEA2820D181009E4F53 /* Landmark.swift */,
				2A09FCEC2820D204009E4F53 /* ModelData.swift */,
				2ACA8784282BB0CC002DB8BC /* Hike.swift */,
			);
			path = Model;
			sourceTree = "<group>";
		};
		2A09FCF02820D255009E4F53 /* Resources */ = {
			isa = PBXGroup;
			children = (
				2ACA8782282BB068002DB8BC /* hikeData.json */,
				2A09FCE82820D164009E4F53 /* landmarkData.json */,
			);
			path = Resources;
			sourceTree = "<group>";
		};
		2A09FCF928266CE6009E4F53 /* Landmarks */ = {
			isa = PBXGroup;
			children = (
				2A09FCF12823E546009E4F53 /* LandmarkRow.swift */,
				2A09FCF32823EAEE009E4F53 /* LandmarkList.swift */,
				2A09FCF52823EF5A009E4F53 /* LandmarkDetail.swift */,
			);
			path = Landmarks;
			sourceTree = "<group>";
		};
		2A09FCFA28266CF7009E4F53 /* Helpers */ = {
			isa = PBXGroup;
			children = (
				2A09FCE42820B018009E4F53 /* CircleImage.swift */,
				2A09FCE62820B24B009E4F53 /* MapView.swift */,
				2A09FCF728266C0D009E4F53 /* FavoriteButton.swift */,
			);
			path = Helpers;
			sourceTree = "<group>";
		};
		2ACA8781282A75DC002DB8BC /* Badges */ = {
			isa = PBXGroup;
			children = (
				2ACA877F282A7446002DB8BC /* Badge.swift */,
				2A4B456B2829537C00CB2963 /* BadgeBackground.swift */,
				2ACA877B282A7170002DB8BC /* BadgeSymbol.swift */,
				2A4B456928294EEA00CB2963 /* HexagonParameters.swift */,
				2ACA877D282A73AE002DB8BC /* RotatedBadgeSymbol.swift */,
			);
			path = Badges;
			sourceTree = "<group>";
		};
		2ACA8786282BB230002DB8BC /* Hikes */ = {
			isa = PBXGroup;
			children = (
				2ACA8787282BB230002DB8BC /* GraphCapsule.swift */,
				2ACA8788282BB230002DB8BC /* HikeGraph.swift */,
				2ACA8789282BB230002DB8BC /* HikeDetail.swift */,
				2ACA878A282BB230002DB8BC /* HikeView.swift */,
			);
			path = Hikes;
			sourceTree = "<group>";
		};
/* End PBXGroup section */

/* Begin PBXNativeTarget section */
		2A09FCB6281FD5F7009E4F53 /* SwiftUI-Practice */ = {
			isa = PBXNativeTarget;
			buildConfigurationList = 2A09FCDB281FD5F9009E4F53 /* Build configuration list for PBXNativeTarget "SwiftUI-Practice" */;
			buildPhases = (
				2A09FCB3281FD5F7009E4F53 /* Sources */,
				2A09FCB4281FD5F7009E4F53 /* Frameworks */,
				2A09FCB5281FD5F7009E4F53 /* Resources */,
			);
			buildRules = (
			);
			dependencies = (
			);
			name = "SwiftUI-Practice";
			productName = "SwiftUI-Practice";
			productReference = 2A09FCB7281FD5F7009E4F53 /* SwiftUI-Practice.app */;
			productType = "com.apple.product-type.application";
		};
		2A09FCC6281FD5F9009E4F53 /* SwiftUI-PracticeTests */ = {
			isa = PBXNativeTarget;
			buildConfigurationList = 2A09FCDE281FD5F9009E4F53 /* Build configuration list for PBXNativeTarget "SwiftUI-PracticeTests" */;
			buildPhases = (
				2A09FCC3281FD5F9009E4F53 /* Sources */,
				2A09FCC4281FD5F9009E4F53 /* Frameworks */,
				2A09FCC5281FD5F9009E4F53 /* Resources */,
			);
			buildRules = (
			);
			dependencies = (
				2A09FCC9281FD5F9009E4F53 /* PBXTargetDependency */,
			);
			name = "SwiftUI-PracticeTests";
			productName = "SwiftUI-PracticeTests";
			productReference = 2A09FCC7281FD5F9009E4F53 /* SwiftUI-PracticeTests.xctest */;
			productType = "com.apple.product-type.bundle.unit-test";
		};
		2A09FCD0281FD5F9009E4F53 /* SwiftUI-PracticeUITests */ = {
			isa = PBXNativeTarget;
			buildConfigurationList = 2A09FCE1281FD5F9009E4F53 /* Build configuration list for PBXNativeTarget "SwiftUI-PracticeUITests" */;
			buildPhases = (
				2A09FCCD281FD5F9009E4F53 /* Sources */,
				2A09FCCE281FD5F9009E4F53 /* Frameworks */,
				2A09FCCF281FD5F9009E4F53 /* Resources */,
			);
			buildRules = (
			);
			dependencies = (
				2A09FCD3281FD5F9009E4F53 /* PBXTargetDependency */,
			);
			name = "SwiftUI-PracticeUITests";
			productName = "SwiftUI-PracticeUITests";
			productReference = 2A09FCD1281FD5F9009E4F53 /* SwiftUI-PracticeUITests.xctest */;
			productType = "com.apple.product-type.bundle.ui-testing";
		};
/* End PBXNativeTarget section */

/* Begin PBXProject section */
		2A09FCAF281FD5F7009E4F53 /* Project object */ = {
			isa = PBXProject;
			attributes = {
				BuildIndependentTargetsInParallel = 1;
				LastSwiftUpdateCheck = 1330;
				LastUpgradeCheck = 1330;
				TargetAttributes = {
					2A09FCB6281FD5F7009E4F53 = {
						CreatedOnToolsVersion = 13.3.1;
					};
					2A09FCC6281FD5F9009E4F53 = {
						CreatedOnToolsVersion = 13.3.1;
						TestTargetID = 2A09FCB6281FD5F7009E4F53;
					};
					2A09FCD0281FD5F9009E4F53 = {
						CreatedOnToolsVersion = 13.3.1;
						TestTargetID = 2A09FCB6281FD5F7009E4F53;
					};
				};
			};
			buildConfigurationList = 2A09FCB2281FD5F7009E4F53 /* Build configuration list for PBXProject "SwiftUI-Practice" */;
			compatibilityVersion = "Xcode 13.0";
			developmentRegion = en;
			hasScannedForEncodings = 0;
			knownRegions = (
				en,
				Base,
			);
			mainGroup = 2A09FCAE281FD5F7009E4F53;
			productRefGroup = 2A09FCB8281FD5F7009E4F53 /* Products */;
			projectDirPath = "";
			projectRoot = "";
			targets = (
				2A09FCB6281FD5F7009E4F53 /* SwiftUI-Practice */,
				2A09FCC6281FD5F9009E4F53 /* SwiftUI-PracticeTests */,
				2A09FCD0281FD5F9009E4F53 /* SwiftUI-PracticeUITests */,
			);
		};
/* End PBXProject section */

/* Begin PBXResourcesBuildPhase section */
		2A09FCB5281FD5F7009E4F53 /* Resources */ = {
			isa = PBXResourcesBuildPhase;
			buildActionMask = 2147483647;
			files = (
				2ACA8783282BB068002DB8BC /* hikeData.json in Resources */,
				2A09FCC2281FD5F9009E4F53 /* Preview Assets.xcassets in Resources */,
				2A09FCBF281FD5F9009E4F53 /* Assets.xcassets in Resources */,
				2A09FCE92820D164009E4F53 /* landmarkData.json in Resources */,
			);
			runOnlyForDeploymentPostprocessing = 0;
		};
		2A09FCC5281FD5F9009E4F53 /* Resources */ = {
			isa = PBXResourcesBuildPhase;
			buildActionMask = 2147483647;
			files = (
			);
			runOnlyForDeploymentPostprocessing = 0;
		};
		2A09FCCF281FD5F9009E4F53 /* Resources */ = {
			isa = PBXResourcesBuildPhase;
			buildActionMask = 2147483647;
			files = (
			);
			runOnlyForDeploymentPostprocessing = 0;
		};
/* End PBXResourcesBuildPhase section */

/* Begin PBXSourcesBuildPhase section */
		2A09FCB3281FD5F7009E4F53 /* Sources */ = {
			isa = PBXSourcesBuildPhase;
			buildActionMask = 2147483647;
			files = (
				2A09FCBD281FD5F7009E4F53 /* ContentView.swift in Sources */,
				2ACA878C282BB230002DB8BC /* HikeGraph.swift in Sources */,
				2ACA8780282A7446002DB8BC /* Badge.swift in Sources */,
				2A09FCE72820B24B009E4F53 /* MapView.swift in Sources */,
				2ACA878B282BB230002DB8BC /* GraphCapsule.swift in Sources */,
				2A09FCBB281FD5F7009E4F53 /* SwiftUI_PracticeApp.swift in Sources */,
				2A09FCF828266C0D009E4F53 /* FavoriteButton.swift in Sources */,
				2ACA878D282BB230002DB8BC /* HikeDetail.swift in Sources */,
				2A4B456A28294EEA00CB2963 /* HexagonParameters.swift in Sources */,
				2ACA8785282BB0CC002DB8BC /* Hike.swift in Sources */,
				2ACA877E282A73AE002DB8BC /* RotatedBadgeSymbol.swift in Sources */,
				2ACA877C282A7170002DB8BC /* BadgeSymbol.swift in Sources */,
				2A09FCF42823EAEE009E4F53 /* LandmarkList.swift in Sources */,
				2ACA878E282BB230002DB8BC /* HikeView.swift in Sources */,
				2A09FCF62823EF5A009E4F53 /* LandmarkDetail.swift in Sources */,
				2A4B456C2829537C00CB2963 /* BadgeBackground.swift in Sources */,
				2A09FCE52820B018009E4F53 /* CircleImage.swift in Sources */,
				2A09FCEB2820D181009E4F53 /* Landmark.swift in Sources */,
				2A09FCF22823E546009E4F53 /* LandmarkRow.swift in Sources */,
				2A09FCED2820D204009E4F53 /* ModelData.swift in Sources */,
			);
			runOnlyForDeploymentPostprocessing = 0;
		};
		2A09FCC3281FD5F9009E4F53 /* Sources */ = {
			isa = PBXSourcesBuildPhase;
			buildActionMask = 2147483647;
			files = (
				2A09FCCC281FD5F9009E4F53 /* SwiftUI_PracticeTests.swift in Sources */,
			);
			runOnlyForDeploymentPostprocessing = 0;
		};
		2A09FCCD281FD5F9009E4F53 /* Sources */ = {
			isa = PBXSourcesBuildPhase;
			buildActionMask = 2147483647;
			files = (
				2A09FCD6281FD5F9009E4F53 /* SwiftUI_PracticeUITests.swift in Sources */,
				2A09FCD8281FD5F9009E4F53 /* SwiftUI_PracticeUITestsLaunchTests.swift in Sources */,
			);
			runOnlyForDeploymentPostprocessing = 0;
		};
/* End PBXSourcesBuildPhase section */

/* Begin PBXTargetDependency section */
		2A09FCC9281FD5F9009E4F53 /* PBXTargetDependency */ = {
			isa = PBXTargetDependency;
			target = 2A09FCB6281FD5F7009E4F53 /* SwiftUI-Practice */;
			targetProxy = 2A09FCC8281FD5F9009E4F53 /* PBXContainerItemProxy */;
		};
		2A09FCD3281FD5F9009E4F53 /* PBXTargetDependency */ = {
			isa = PBXTargetDependency;
			target = 2A09FCB6281FD5F7009E4F53 /* SwiftUI-Practice */;
			targetProxy = 2A09FCD2281FD5F9009E4F53 /* PBXContainerItemProxy */;
		};
/* End PBXTargetDependency section */

/* Begin XCBuildConfiguration section */
		2A09FCD9281FD5F9009E4F53 /* Debug */ = {
			isa = XCBuildConfiguration;
			buildSettings = {
				ALWAYS_SEARCH_USER_PATHS = NO;
				CLANG_ANALYZER_NONNULL = YES;
				CLANG_ANALYZER_NUMBER_OBJECT_CONVERSION = YES_AGGRESSIVE;
				CLANG_CXX_LANGUAGE_STANDARD = "gnu++17";
				CLANG_ENABLE_MODULES = YES;
				CLANG_ENABLE_OBJC_ARC = YES;
				CLANG_ENABLE_OBJC_WEAK = YES;
				CLANG_WARN_BLOCK_CAPTURE_AUTORELEASING = YES;
				CLANG_WARN_BOOL_CONVERSION = YES;
				CLANG_WARN_COMMA = YES;
				CLANG_WARN_CONSTANT_CONVERSION = YES;
				CLANG_WARN_DEPRECATED_OBJC_IMPLEMENTATIONS = YES;
				CLANG_WARN_DIRECT_OBJC_ISA_USAGE = YES_ERROR;
				CLANG_WARN_DOCUMENTATION_COMMENTS = YES;
				CLANG_WARN_EMPTY_BODY = YES;
				CLANG_WARN_ENUM_CONVERSION = YES;
				CLANG_WARN_INFINITE_RECURSION = YES;
				CLANG_WARN_INT_CONVERSION = YES;
				CLANG_WARN_NON_LITERAL_NULL_CONVERSION = YES;
				CLANG_WARN_OBJC_IMPLICIT_RETAIN_SELF = YES;
				CLANG_WARN_OBJC_LITERAL_CONVERSION = YES;
				CLANG_WARN_OBJC_ROOT_CLASS = YES_ERROR;
				CLANG_WARN_QUOTED_INCLUDE_IN_FRAMEWORK_HEADER = YES;
				CLANG_WARN_RANGE_LOOP_ANALYSIS = YES;
				CLANG_WARN_STRICT_PROTOTYPES = YES;
				CLANG_WARN_SUSPICIOUS_MOVE = YES;
				CLANG_WARN_UNGUARDED_AVAILABILITY = YES_AGGRESSIVE;
				CLANG_WARN_UNREACHABLE_CODE = YES;
				CLANG_WARN__DUPLICATE_METHOD_MATCH = YES;
				COPY_PHASE_STRIP = NO;
				DEBUG_INFORMATION_FORMAT = dwarf;
				ENABLE_STRICT_OBJC_MSGSEND = YES;
				ENABLE_TESTABILITY = YES;
				GCC_C_LANGUAGE_STANDARD = gnu11;
				GCC_DYNAMIC_NO_PIC = NO;
				GCC_NO_COMMON_BLOCKS = YES;
				GCC_OPTIMIZATION_LEVEL = 0;
				GCC_PREPROCESSOR_DEFINITIONS = (
					"DEBUG=1",
					"$(inherited)",
				);
				GCC_WARN_64_TO_32_BIT_CONVERSION = YES;
				GCC_WARN_ABOUT_RETURN_TYPE = YES_ERROR;
				GCC_WARN_UNDECLARED_SELECTOR = YES;
				GCC_WARN_UNINITIALIZED_AUTOS = YES_AGGRESSIVE;
				GCC_WARN_UNUSED_FUNCTION = YES;
				GCC_WARN_UNUSED_VARIABLE = YES;
				IPHONEOS_DEPLOYMENT_TARGET = 15.4;
				MTL_ENABLE_DEBUG_INFO = INCLUDE_SOURCE;
				MTL_FAST_MATH = YES;
				ONLY_ACTIVE_ARCH = YES;
				SDKROOT = iphoneos;
				SWIFT_ACTIVE_COMPILATION_CONDITIONS = DEBUG;
				SWIFT_OPTIMIZATION_LEVEL = "-Onone";
			};
			name = Debug;
		};
		2A09FCDA281FD5F9009E4F53 /* Release */ = {
			isa = XCBuildConfiguration;
			buildSettings = {
				ALWAYS_SEARCH_USER_PATHS = NO;
				CLANG_ANALYZER_NONNULL = YES;
				CLANG_ANALYZER_NUMBER_OBJECT_CONVERSION = YES_AGGRESSIVE;
				CLANG_CXX_LANGUAGE_STANDARD = "gnu++17";
				CLANG_ENABLE_MODULES = YES;
				CLANG_ENABLE_OBJC_ARC = YES;
				CLANG_ENABLE_OBJC_WEAK = YES;
				CLANG_WARN_BLOCK_CAPTURE_AUTORELEASING = YES;
				CLANG_WARN_BOOL_CONVERSION = YES;
				CLANG_WARN_COMMA = YES;
				CLANG_WARN_CONSTANT_CONVERSION = YES;
				CLANG_WARN_DEPRECATED_OBJC_IMPLEMENTATIONS = YES;
				CLANG_WARN_DIRECT_OBJC_ISA_USAGE = YES_ERROR;
				CLANG_WARN_DOCUMENTATION_COMMENTS = YES;
				CLANG_WARN_EMPTY_BODY = YES;
				CLANG_WARN_ENUM_CONVERSION = YES;
				CLANG_WARN_INFINITE_RECURSION = YES;
				CLANG_WARN_INT_CONVERSION = YES;
				CLANG_WARN_NON_LITERAL_NULL_CONVERSION = YES;
				CLANG_WARN_OBJC_IMPLICIT_RETAIN_SELF = YES;
				CLANG_WARN_OBJC_LITERAL_CONVERSION = YES;
				CLANG_WARN_OBJC_ROOT_CLASS = YES_ERROR;
				CLANG_WARN_QUOTED_INCLUDE_IN_FRAMEWORK_HEADER = YES;
				CLANG_WARN_RANGE_LOOP_ANALYSIS = YES;
				CLANG_WARN_STRICT_PROTOTYPES = YES;
				CLANG_WARN_SUSPICIOUS_MOVE = YES;
				CLANG_WARN_UNGUARDED_AVAILABILITY = YES_AGGRESSIVE;
				CLANG_WARN_UNREACHABLE_CODE = YES;
				CLANG_WARN__DUPLICATE_METHOD_MATCH = YES;
				COPY_PHASE_STRIP = NO;
				DEBUG_INFORMATION_FORMAT = "dwarf-with-dsym";
				ENABLE_NS_ASSERTIONS = NO;
				ENABLE_STRICT_OBJC_MSGSEND = YES;
				GCC_C_LANGUAGE_STANDARD = gnu11;
				GCC_NO_COMMON_BLOCKS = YES;
				GCC_WARN_64_TO_32_BIT_CONVERSION = YES;
				GCC_WARN_ABOUT_RETURN_TYPE = YES_ERROR;
				GCC_WARN_UNDECLARED_SELECTOR = YES;
				GCC_WARN_UNINITIALIZED_AUTOS = YES_AGGRESSIVE;
				GCC_WARN_UNUSED_FUNCTION = YES;
				GCC_WARN_UNUSED_VARIABLE = YES;
				IPHONEOS_DEPLOYMENT_TARGET = 15.4;
				MTL_ENABLE_DEBUG_INFO = NO;
				MTL_FAST_MATH = YES;
				SDKROOT = iphoneos;
				SWIFT_COMPILATION_MODE = wholemodule;
				SWIFT_OPTIMIZATION_LEVEL = "-O";
				VALIDATE_PRODUCT = YES;
			};
			name = Release;
		};
		2A09FCDC281FD5F9009E4F53 /* Debug */ = {
			isa = XCBuildConfiguration;
			buildSettings = {
				ASSETCATALOG_COMPILER_APPICON_NAME = AppIcon;
				ASSETCATALOG_COMPILER_GLOBAL_ACCENT_COLOR_NAME = AccentColor;
				CODE_SIGN_STYLE = Automatic;
				CURRENT_PROJECT_VERSION = 1;
				DEVELOPMENT_ASSET_PATHS = "\"SwiftUI-Practice/Preview Content\"";
				DEVELOPMENT_TEAM = BGM5JPJHA4;
				ENABLE_PREVIEWS = YES;
				GENERATE_INFOPLIST_FILE = YES;
				INFOPLIST_KEY_UIApplicationSceneManifest_Generation = YES;
				INFOPLIST_KEY_UIApplicationSupportsIndirectInputEvents = YES;
				INFOPLIST_KEY_UILaunchScreen_Generation = YES;
				INFOPLIST_KEY_UISupportedInterfaceOrientations_iPad = "UIInterfaceOrientationPortrait UIInterfaceOrientationPortraitUpsideDown UIInterfaceOrientationLandscapeLeft UIInterfaceOrientationLandscapeRight";
				INFOPLIST_KEY_UISupportedInterfaceOrientations_iPhone = "UIInterfaceOrientationPortrait UIInterfaceOrientationLandscapeLeft UIInterfaceOrientationLandscapeRight";
				LD_RUNPATH_SEARCH_PATHS = (
					"$(inherited)",
					"@executable_path/Frameworks",
				);
				MARKETING_VERSION = 1.0;
				PRODUCT_BUNDLE_IDENTIFIER = "com.gmail.basebasketball0607.SwiftUI-Practice";
				PRODUCT_NAME = "$(TARGET_NAME)";
				SWIFT_EMIT_LOC_STRINGS = YES;
				SWIFT_VERSION = 5.0;
				TARGETED_DEVICE_FAMILY = "1,2";
			};
			name = Debug;
		};
		2A09FCDD281FD5F9009E4F53 /* Release */ = {
			isa = XCBuildConfiguration;
			buildSettings = {
				ASSETCATALOG_COMPILER_APPICON_NAME = AppIcon;
				ASSETCATALOG_COMPILER_GLOBAL_ACCENT_COLOR_NAME = AccentColor;
				CODE_SIGN_STYLE = Automatic;
				CURRENT_PROJECT_VERSION = 1;
				DEVELOPMENT_ASSET_PATHS = "\"SwiftUI-Practice/Preview Content\"";
				DEVELOPMENT_TEAM = BGM5JPJHA4;
				ENABLE_PREVIEWS = YES;
				GENERATE_INFOPLIST_FILE = YES;
				INFOPLIST_KEY_UIApplicationSceneManifest_Generation = YES;
				INFOPLIST_KEY_UIApplicationSupportsIndirectInputEvents = YES;
				INFOPLIST_KEY_UILaunchScreen_Generation = YES;
				INFOPLIST_KEY_UISupportedInterfaceOrientations_iPad = "UIInterfaceOrientationPortrait UIInterfaceOrientationPortraitUpsideDown UIInterfaceOrientationLandscapeLeft UIInterfaceOrientationLandscapeRight";
				INFOPLIST_KEY_UISupportedInterfaceOrientations_iPhone = "UIInterfaceOrientationPortrait UIInterfaceOrientationLandscapeLeft UIInterfaceOrientationLandscapeRight";
				LD_RUNPATH_SEARCH_PATHS = (
					"$(inherited)",
					"@executable_path/Frameworks",
				);
				MARKETING_VERSION = 1.0;
				PRODUCT_BUNDLE_IDENTIFIER = "com.gmail.basebasketball0607.SwiftUI-Practice";
				PRODUCT_NAME = "$(TARGET_NAME)";
				SWIFT_EMIT_LOC_STRINGS = YES;
				SWIFT_VERSION = 5.0;
				TARGETED_DEVICE_FAMILY = "1,2";
			};
			name = Release;
		};
		2A09FCDF281FD5F9009E4F53 /* Debug */ = {
			isa = XCBuildConfiguration;
			buildSettings = {
				ALWAYS_EMBED_SWIFT_STANDARD_LIBRARIES = YES;
				BUNDLE_LOADER = "$(TEST_HOST)";
				CODE_SIGN_STYLE = Automatic;
				CURRENT_PROJECT_VERSION = 1;
				DEVELOPMENT_TEAM = BGM5JPJHA4;
				GENERATE_INFOPLIST_FILE = YES;
				IPHONEOS_DEPLOYMENT_TARGET = 15.4;
				MARKETING_VERSION = 1.0;
				PRODUCT_BUNDLE_IDENTIFIER = "com.gmail.basebasketball0607.SwiftUI-PracticeTests";
				PRODUCT_NAME = "$(TARGET_NAME)";
				SWIFT_EMIT_LOC_STRINGS = NO;
				SWIFT_VERSION = 5.0;
				TARGETED_DEVICE_FAMILY = "1,2";
				TEST_HOST = "$(BUILT_PRODUCTS_DIR)/SwiftUI-Practice.app/SwiftUI-Practice";
			};
			name = Debug;
		};
		2A09FCE0281FD5F9009E4F53 /* Release */ = {
			isa = XCBuildConfiguration;
			buildSettings = {
				ALWAYS_EMBED_SWIFT_STANDARD_LIBRARIES = YES;
				BUNDLE_LOADER = "$(TEST_HOST)";
				CODE_SIGN_STYLE = Automatic;
				CURRENT_PROJECT_VERSION = 1;
				DEVELOPMENT_TEAM = BGM5JPJHA4;
				GENERATE_INFOPLIST_FILE = YES;
				IPHONEOS_DEPLOYMENT_TARGET = 15.4;
				MARKETING_VERSION = 1.0;
				PRODUCT_BUNDLE_IDENTIFIER = "com.gmail.basebasketball0607.SwiftUI-PracticeTests";
				PRODUCT_NAME = "$(TARGET_NAME)";
				SWIFT_EMIT_LOC_STRINGS = NO;
				SWIFT_VERSION = 5.0;
				TARGETED_DEVICE_FAMILY = "1,2";
				TEST_HOST = "$(BUILT_PRODUCTS_DIR)/SwiftUI-Practice.app/SwiftUI-Practice";
			};
			name = Release;
		};
		2A09FCE2281FD5F9009E4F53 /* Debug */ = {
			isa = XCBuildConfiguration;
			buildSettings = {
				ALWAYS_EMBED_SWIFT_STANDARD_LIBRARIES = YES;
				CODE_SIGN_STYLE = Automatic;
				CURRENT_PROJECT_VERSION = 1;
				DEVELOPMENT_TEAM = BGM5JPJHA4;
				GENERATE_INFOPLIST_FILE = YES;
				MARKETING_VERSION = 1.0;
				PRODUCT_BUNDLE_IDENTIFIER = "com.gmail.basebasketball0607.SwiftUI-PracticeUITests";
				PRODUCT_NAME = "$(TARGET_NAME)";
				SWIFT_EMIT_LOC_STRINGS = NO;
				SWIFT_VERSION = 5.0;
				TARGETED_DEVICE_FAMILY = "1,2";
				TEST_TARGET_NAME = "SwiftUI-Practice";
			};
			name = Debug;
		};
		2A09FCE3281FD5F9009E4F53 /* Release */ = {
			isa = XCBuildConfiguration;
			buildSettings = {
				ALWAYS_EMBED_SWIFT_STANDARD_LIBRARIES = YES;
				CODE_SIGN_STYLE = Automatic;
				CURRENT_PROJECT_VERSION = 1;
				DEVELOPMENT_TEAM = BGM5JPJHA4;
				GENERATE_INFOPLIST_FILE = YES;
				MARKETING_VERSION = 1.0;
				PRODUCT_BUNDLE_IDENTIFIER = "com.gmail.basebasketball0607.SwiftUI-PracticeUITests";
				PRODUCT_NAME = "$(TARGET_NAME)";
				SWIFT_EMIT_LOC_STRINGS = NO;
				SWIFT_VERSION = 5.0;
				TARGETED_DEVICE_FAMILY = "1,2";
				TEST_TARGET_NAME = "SwiftUI-Practice";
			};
			name = Release;
		};
/* End XCBuildConfiguration section */

/* Begin XCConfigurationList section */
		2A09FCB2281FD5F7009E4F53 /* Build configuration list for PBXProject "SwiftUI-Practice" */ = {
			isa = XCConfigurationList;
			buildConfigurations = (
				2A09FCD9281FD5F9009E4F53 /* Debug */,
				2A09FCDA281FD5F9009E4F53 /* Release */,
			);
			defaultConfigurationIsVisible = 0;
			defaultConfigurationName = Release;
		};
		2A09FCDB281FD5F9009E4F53 /* Build configuration list for PBXNativeTarget "SwiftUI-Practice" */ = {
			isa = XCConfigurationList;
			buildConfigurations = (
				2A09FCDC281FD5F9009E4F53 /* Debug */,
				2A09FCDD281FD5F9009E4F53 /* Release */,
			);
			defaultConfigurationIsVisible = 0;
			defaultConfigurationName = Release;
		};
		2A09FCDE281FD5F9009E4F53 /* Build configuration list for PBXNativeTarget "SwiftUI-PracticeTests" */ = {
			isa = XCConfigurationList;
			buildConfigurations = (
				2A09FCDF281FD5F9009E4F53 /* Debug */,
				2A09FCE0281FD5F9009E4F53 /* Release */,
			);
			defaultConfigurationIsVisible = 0;
			defaultConfigurationName = Release;
		};
		2A09FCE1281FD5F9009E4F53 /* Build configuration list for PBXNativeTarget "SwiftUI-PracticeUITests" */ = {
			isa = XCConfigurationList;
			buildConfigurations = (
				2A09FCE2281FD5F9009E4F53 /* Debug */,
				2A09FCE3281FD5F9009E4F53 /* Release */,
			);
			defaultConfigurationIsVisible = 0;
			defaultConfigurationName = Release;
		};
/* End XCConfigurationList section */
	};
	rootObject = 2A09FCAF281FD5F7009E4F53 /* Project object */;
}
